
Microsoft Visual Studio Solution File, Format Version 12.00
# Visual Studio Version 16
VisualStudioVersion = 16.0.31321.278
MinimumVisualStudioVersion = 10.0.40219.1
Project("{FAE04EC0-301F-11D3-BF4B-00C04F79EFBC}") = "HelloWorld_Wilson_Kenny", "HelloWorld_Wilson_Kenny\HelloWorld_Wilson_Kenny.csproj", "{B173472F-359C-423D-998B-94811A73398B}"
EndProject
Global
	GlobalSection(SolutionConfigurationPlatforms) = preSolution
		Debug|Any CPU = Debug|Any CPU
		Release|Any CPU = Release|Any CPU
	EndGlobalSection
	GlobalSection(ProjectConfigurationPlatforms) = postSolution
		{B173472F-359C-423D-998B-94811A73398B}.Debug|Any CPU.ActiveCfg = Debug|Any CPU
		{B173472F-359C-423D-998B-94811A73398B}.Debug|Any CPU.Build.0 = Debug|Any CPU
		{B173472F-359C-423D-998B-94811A73398B}.Release|Any CPU.ActiveCfg = Release|Any CPU
		{B173472F-359C-423D-998B-94811A73398B}.Release|Any CPU.Build.0 = Release|Any CPU
	EndGlobalSection
	GlobalSection(SolutionProperties) = preSolution
		HideSolutionNode = FALSE
	EndGlobalSection
	GlobalSection(ExtensibilityGlobals) = postSolution
		SolutionGuid = {EB14741F-7E1F-419E-8AC2-8BAA61D0DEFA}
	EndGlobalSection
EndGlobal
